
Microsoft Visual Studio Solution File, Format Version 12.00
# Visual Studio Version 17
VisualStudioVersion = 17.14.36429.23 d17.14
MinimumVisualStudioVersion = 10.0.40219.1
Project("{FAE04EC0-301F-11D3-BF4B-00C04F79EFBC}") = "Assignment11.2.2", "Assignment11.2.2.csproj", "{328C9F25-276D-44C1-BBFD-25B515976697}"
EndProject
Global
	GlobalSection(SolutionConfigurationPlatforms) = preSolution
		Debug|Any CPU = Debug|Any CPU
		Release|Any CPU = Release|Any CPU
	EndGlobalSection
	GlobalSection(ProjectConfigurationPlatforms) = postSolution
		{328C9F25-276D-44C1-BBFD-25B515976697}.Debug|Any CPU.ActiveCfg = Debug|Any CPU
		{328C9F25-276D-44C1-BBFD-25B515976697}.Debug|Any CPU.Build.0 = Debug|Any CPU
		{328C9F25-276D-44C1-BBFD-25B515976697}.Release|Any CPU.ActiveCfg = Release|Any CPU
		{328C9F25-276D-44C1-BBFD-25B515976697}.Release|Any CPU.Build.0 = Release|Any CPU
	EndGlobalSection
	GlobalSection(SolutionProperties) = preSolution
		HideSolutionNode = FALSE
	EndGlobalSection
	GlobalSection(ExtensibilityGlobals) = postSolution
		SolutionGuid = {A0CFEC2A-D08B-4966-96A8-21C72656AC23}
	EndGlobalSection
EndGlobal
